Microsoft Visual Studio Solution File, Format Version 12.00
# Visual Studio Version 17
VisualStudioVersion = 17.2.32526.322
MinimumVisualStudioVersion = 10.0.40219.1
Project("{9A19103F-16F7-4668-BE54-9A1E7A4F7556}") = "fmp-xtc-accessnet-lib-mvcs", "fmp-xtc-accessnet-lib-mvcs\fmp-xtc-accessnet-lib-mvcs.csproj", "{C4F3BB09-25F9-484C-85B6-1E3608215608}"
EndProject
Project("{9A19103F-16F7-4668-BE54-9A1E7A4F7556}") = "fmp-xtc-accessnet-lib-mvcs_Test", "fmp-xtc-accessnet-lib-mvcs_Test\fmp-xtc-accessnet-lib-mvcs_Test.csproj", "{D31A184F-220D-44C1-9C30-8128D4C4BC15}"
EndProject
Project("{9A19103F-16F7-4668-BE54-9A1E7A4F7556}") = "fmp-xtc-accessnet-lib-proto", "fmp-xtc-accessnet-lib-proto\fmp-xtc-accessnet-lib-proto.csproj", "{08308B8F-88F0-463B-A02E-E5DD10246BB9}"
EndProject
Project("{9A19103F-16F7-4668-BE54-9A1E7A4F7556}") = "fmp-xtc-accessnet-lib-bridge", "fmp-xtc-accessnet-lib-bridge\fmp-xtc-accessnet-lib-bridge.csproj", "{94FBB1AC-3B85-49DF-A7A5-1172EC11EDF4}"
EndProject
Project("{9A19103F-16F7-4668-BE54-9A1E7A4F7556}") = "fmp-xtc-accessnet-lib-razor", "fmp-xtc-accessnet-lib-razor\fmp-xtc-accessnet-lib-razor.csproj", "{549ABF88-3EB2-4B13-9B94-C9AC3C95E4B8}"
EndProject
Project("{9A19103F-16F7-4668-BE54-9A1E7A4F7556}") = "fmp-xtc-accessnet-service-grpc", "fmp-xtc-accessnet-service-grpc\fmp-xtc-accessnet-service-grpc.csproj", "{E4C33406-9BE0-4C63-871A-932EC2610B73}"
EndProject
Project("{9A19103F-16F7-4668-BE54-9A1E7A4F7556}") = "fmp-xtc-accessnet-service-grpc_Test", "fmp-xtc-accessnet-service-grpc_Test\fmp-xtc-accessnet-service-grpc_Test.csproj", "{094A1558-AFFC-427F-AD2B-71733754D03B}"
EndProject
Project("{9A19103F-16F7-4668-BE54-9A1E7A4F7556}") = "fmp-xtc-accessnet-web-blazor", "fmp-xtc-accessnet-web-blazor\fmp-xtc-accessnet-web-blazor.csproj", "{7C1EF952-4379-4B4B-9FC5-6040AAAF01E3}"
EndProject
Global
	GlobalSection(SolutionConfigurationPlatforms) = preSolution
		Debug|Any CPU = Debug|Any CPU
		Release|Any CPU = Release|Any CPU
	EndGlobalSection
	GlobalSection(ProjectConfigurationPlatforms) = postSolution
		{C4F3BB09-25F9-484C-85B6-1E3608215608}.Debug|Any CPU.ActiveCfg = Debug|Any CPU
		{C4F3BB09-25F9-484C-85B6-1E3608215608}.Debug|Any CPU.Build.0 = Debug|Any CPU
		{C4F3BB09-25F9-484C-85B6-1E3608215608}.Release|Any CPU.ActiveCfg = Release|Any CPU
		{C4F3BB09-25F9-484C-85B6-1E3608215608}.Release|Any CPU.Build.0 = Release|Any CPU
		{D31A184F-220D-44C1-9C30-8128D4C4BC15}.Debug|Any CPU.ActiveCfg = Debug|Any CPU
		{D31A184F-220D-44C1-9C30-8128D4C4BC15}.Debug|Any CPU.Build.0 = Debug|Any CPU
		{D31A184F-220D-44C1-9C30-8128D4C4BC15}.Release|Any CPU.ActiveCfg = Release|Any CPU
		{D31A184F-220D-44C1-9C30-8128D4C4BC15}.Release|Any CPU.Build.0 = Release|Any CPU
		{08308B8F-88F0-463B-A02E-E5DD10246BB9}.Debug|Any CPU.ActiveCfg = Debug|Any CPU
		{08308B8F-88F0-463B-A02E-E5DD10246BB9}.Debug|Any CPU.Build.0 = Debug|Any CPU
		{08308B8F-88F0-463B-A02E-E5DD10246BB9}.Release|Any CPU.ActiveCfg = Release|Any CPU
		{08308B8F-88F0-463B-A02E-E5DD10246BB9}.Release|Any CPU.Build.0 = Release|Any CPU
		{94FBB1AC-3B85-49DF-A7A5-1172EC11EDF4}.Debug|Any CPU.ActiveCfg = Debug|Any CPU
		{94FBB1AC-3B85-49DF-A7A5-1172EC11EDF4}.Debug|Any CPU.Build.0 = Debug|Any CPU
		{94FBB1AC-3B85-49DF-A7A5-1172EC11EDF4}.Release|Any CPU.ActiveCfg = Release|Any CPU
		{94FBB1AC-3B85-49DF-A7A5-1172EC11EDF4}.Release|Any CPU.Build.0 = Release|Any CPU
		{549ABF88-3EB2-4B13-9B94-C9AC3C95E4B8}.Debug|Any CPU.ActiveCfg = Debug|Any CPU
		{549ABF88-3EB2-4B13-9B94-C9AC3C95E4B8}.Debug|Any CPU.Build.0 = Debug|Any CPU
		{549ABF88-3EB2-4B13-9B94-C9AC3C95E4B8}.Release|Any CPU.ActiveCfg = Release|Any CPU
		{549ABF88-3EB2-4B13-9B94-C9AC3C95E4B8}.Release|Any CPU.Build.0 = Release|Any CPU
		{E4C33406-9BE0-4C63-871A-932EC2610B73}.Debug|Any CPU.ActiveCfg = Debug|Any CPU
		{E4C33406-9BE0-4C63-871A-932EC2610B73}.Debug|Any CPU.Build.0 = Debug|Any CPU
		{E4C33406-9BE0-4C63-871A-932EC2610B73}.Release|Any CPU.ActiveCfg = Release|Any CPU
		{E4C33406-9BE0-4C63-871A-932EC2610B73}.Release|Any CPU.Build.0 = Release|Any CPU
		{094A1558-AFFC-427F-AD2B-71733754D03B}.Debug|Any CPU.ActiveCfg = Debug|Any CPU
		{094A1558-AFFC-427F-AD2B-71733754D03B}.Debug|Any CPU.Build.0 = Debug|Any CPU
		{094A1558-AFFC-427F-AD2B-71733754D03B}.Release|Any CPU.ActiveCfg = Release|Any CPU
		{094A1558-AFFC-427F-AD2B-71733754D03B}.Release|Any CPU.Build.0 = Release|Any CPU
		{7C1EF952-4379-4B4B-9FC5-6040AAAF01E3}.Debug|Any CPU.ActiveCfg = Debug|Any CPU
		{7C1EF952-4379-4B4B-9FC5-6040AAAF01E3}.Debug|Any CPU.Build.0 = Debug|Any CPU
		{7C1EF952-4379-4B4B-9FC5-6040AAAF01E3}.Release|Any CPU.ActiveCfg = Release|Any CPU
		{7C1EF952-4379-4B4B-9FC5-6040AAAF01E3}.Release|Any CPU.Build.0 = Release|Any CPU
	EndGlobalSection
	GlobalSection(SolutionProperties) = preSolution
		HideSolutionNode = FALSE
	EndGlobalSection
	GlobalSection(ExtensibilityGlobals) = postSolution
		SolutionGuid = {846EC16C-0EB9-479F-99E3-46D9C2CC600A}
	EndGlobalSection
EndGlobal
